
Microsoft Visual Studio Solution File, Format Version 12.00
# Visual Studio 15
VisualStudioVersion = 15.0.28307.757
MinimumVisualStudioVersion = 10.0.40219.1
Project("{8BC9CEB8-8B4A-11D0-8D11-00A0C91BC942}") = "IBOM", "IBOM\IBOM.vcxproj", "{F81AA50D-71BA-43C1-AFD0-1AF09117B9C4}"
EndProject
Project("{8BC9CEB8-8B4A-11D0-8D11-00A0C91BC942}") = "Recog", "Recog\Recog.vcxproj", "{F30E85B7-475E-4E35-89E0-EE0802CE20FA}"
EndProject
Project("{8BC9CEB8-8B4A-11D0-8D11-00A0C91BC942}") = "DBP", "DBP\DBP.vcxproj", "{EA9994B9-E8E9-461D-8067-5FEA2E10F60A}"
EndProject
Project("{8BC9CEB8-8B4A-11D0-8D11-00A0C91BC942}") = "QRcode", "..\ToolKits\QRcode\QRcode.vcxproj", "{69C46F6E-9396-4F2F-960E-072E4FF8595A}"
EndProject
Project("{8BC9CEB8-8B4A-11D0-8D11-00A0C91BC942}") = "Tiff", "Recog\tiff\Tiff.vcxproj", "{6E2D8FA1-609C-4E39-97B9-679834179DB4}"
EndProject
Project("{8BC9CEB8-8B4A-11D0-8D11-00A0C91BC942}") = "unarrlib", "..\..\Structure\PDF\mupdf-1.3\mupdf-1.3-source\platform\win32\unarrlib.vcxproj", "{C45AE373-B027-3E7F-D940-2C27C56C730D}"
EndProject
Project("{8BC9CEB8-8B4A-11D0-8D11-00A0C91BC942}") = "XhLicAgent", "..\XhLmd\XhLicAgent\XhLicAgent.vcxproj", "{15E44184-1225-4298-9278-7B83BABB7ADB}"
EndProject
Project("{8BC9CEB8-8B4A-11D0-8D11-00A0C91BC942}") = "ProductAuth", "..\ProductAuth\ProductAuth.vcxproj", "{0EBD4260-A71F-A6FD-1BB8-DAE771FF4597}"
EndProject
Project("{8BC9CEB8-8B4A-11D0-8D11-00A0C91BC942}") = "XhLicServ", "..\XhLmd\XhLicServ\XhLicServ.vcxproj", "{426A4FDC-D24E-443C-9BD8-A35560A9DB4F}"
EndProject
Project("{8BC9CEB8-8B4A-11D0-8D11-00A0C91BC942}") = "BomExport", "..\LDS\BomExport\BomExport.vcxproj", "{CAB36568-29E7-4D28-A6E8-15D29C2DDF07}"
EndProject
Global
	GlobalSection(SolutionConfigurationPlatforms) = preSolution
		Debug(DLL)|x64 = Debug(DLL)|x64
		Debug(DLL)|x86 = Debug(DLL)|x86
		Debug|x64 = Debug|x64
		Debug|x86 = Debug|x86
		Debug-x64|x64 = Debug-x64|x64
		Debug-x64|x86 = Debug-x64|x86
		Release(DLL)|x64 = Release(DLL)|x64
		Release(DLL)|x86 = Release(DLL)|x86
		Release|x64 = Release|x64
		Release|x86 = Release|x86
		Release07|x64 = Release07|x64
		Release07|x86 = Release07|x86
		Release10|x64 = Release10|x64
		Release10|x86 = Release10|x86
		Release2|x64 = Release2|x64
		Release2|x86 = Release2|x86
		Release-x64|x64 = Release-x64|x64
		Release-x64|x86 = Release-x64|x86
	EndGlobalSection
	GlobalSection(ProjectConfigurationPlatforms) = postSolution
		{F81AA50D-71BA-43C1-AFD0-1AF09117B9C4}.Debug(DLL)|x64.ActiveCfg = Debug|Win32
		{F81AA50D-71BA-43C1-AFD0-1AF09117B9C4}.Debug(DLL)|x64.Build.0 = Debug|Win32
		{F81AA50D-71BA-43C1-AFD0-1AF09117B9C4}.Debug(DLL)|x86.ActiveCfg = Debug|Win32
		{F81AA50D-71BA-43C1-AFD0-1AF09117B9C4}.Debug(DLL)|x86.Build.0 = Debug|Win32
		{F81AA50D-71BA-43C1-AFD0-1AF09117B9C4}.Debug|x64.ActiveCfg = Debug|Win32
		{F81AA50D-71BA-43C1-AFD0-1AF09117B9C4}.Debug|x86.ActiveCfg = Debug|Win32
		{F81AA50D-71BA-43C1-AFD0-1AF09117B9C4}.Debug|x86.Build.0 = Debug|Win32
		{F81AA50D-71BA-43C1-AFD0-1AF09117B9C4}.Debug-x64|x64.ActiveCfg = Debug-x64|x64
		{F81AA50D-71BA-43C1-AFD0-1AF09117B9C4}.Debug-x64|x64.Build.0 = Debug-x64|x64
		{F81AA50D-71BA-43C1-AFD0-1AF09117B9C4}.Debug-x64|x86.ActiveCfg = Debug|Win32
		{F81AA50D-71BA-43C1-AFD0-1AF09117B9C4}.Debug-x64|x86.Build.0 = Debug|Win32
		{F81AA50D-71BA-43C1-AFD0-1AF09117B9C4}.Release(DLL)|x64.ActiveCfg = Debug|Win32
		{F81AA50D-71BA-43C1-AFD0-1AF09117B9C4}.Release(DLL)|x64.Build.0 = Debug|Win32
		{F81AA50D-71BA-43C1-AFD0-1AF09117B9C4}.Release(DLL)|x86.ActiveCfg = Release|Win32
		{F81AA50D-71BA-43C1-AFD0-1AF09117B9C4}.Release(DLL)|x86.Build.0 = Release|Win32
		{F81AA50D-71BA-43C1-AFD0-1AF09117B9C4}.Release|x64.ActiveCfg = Release|Win32
		{F81AA50D-71BA-43C1-AFD0-1AF09117B9C4}.Release|x86.ActiveCfg = Release|Win32
		{F81AA50D-71BA-43C1-AFD0-1AF09117B9C4}.Release|x86.Build.0 = Release|Win32
		{F81AA50D-71BA-43C1-AFD0-1AF09117B9C4}.Release07|x64.ActiveCfg = Release|Win32
		{F81AA50D-71BA-43C1-AFD0-1AF09117B9C4}.Release07|x64.Build.0 = Release|Win32
		{F81AA50D-71BA-43C1-AFD0-1AF09117B9C4}.Release07|x86.ActiveCfg = Release|Win32
		{F81AA50D-71BA-43C1-AFD0-1AF09117B9C4}.Release07|x86.Build.0 = Release|Win32
		{F81AA50D-71BA-43C1-AFD0-1AF09117B9C4}.Release10|x64.ActiveCfg = Release|Win32
		{F81AA50D-71BA-43C1-AFD0-1AF09117B9C4}.Release10|x64.Build.0 = Release|Win32
		{F81AA50D-71BA-43C1-AFD0-1AF09117B9C4}.Release10|x86.ActiveCfg = Release|Win32
		{F81AA50D-71BA-43C1-AFD0-1AF09117B9C4}.Release10|x86.Build.0 = Release|Win32
		{F81AA50D-71BA-43C1-AFD0-1AF09117B9C4}.Release2|x64.ActiveCfg = Debug|x64
		{F81AA50D-71BA-43C1-AFD0-1AF09117B9C4}.Release2|x64.Build.0 = Debug|x64
		{F81AA50D-71BA-43C1-AFD0-1AF09117B9C4}.Release2|x86.ActiveCfg = Release|Win32
		{F81AA50D-71BA-43C1-AFD0-1AF09117B9C4}.Release2|x86.Build.0 = Release|Win32
		{F81AA50D-71BA-43C1-AFD0-1AF09117B9C4}.Release-x64|x64.ActiveCfg = Release-x64|x64
		{F81AA50D-71BA-43C1-AFD0-1AF09117B9C4}.Release-x64|x64.Build.0 = Release-x64|x64
		{F81AA50D-71BA-43C1-AFD0-1AF09117B9C4}.Release-x64|x86.ActiveCfg = Release-x64|Win32
		{F81AA50D-71BA-43C1-AFD0-1AF09117B9C4}.Release-x64|x86.Build.0 = Release-x64|Win32
		{F30E85B7-475E-4E35-89E0-EE0802CE20FA}.Debug(DLL)|x64.ActiveCfg = Debug|Win32
		{F30E85B7-475E-4E35-89E0-EE0802CE20FA}.Debug(DLL)|x64.Build.0 = Debug|Win32
		{F30E85B7-475E-4E35-89E0-EE0802CE20FA}.Debug(DLL)|x86.ActiveCfg = Debug|Win32
		{F30E85B7-475E-4E35-89E0-EE0802CE20FA}.Debug(DLL)|x86.Build.0 = Debug|Win32
		{F30E85B7-475E-4E35-89E0-EE0802CE20FA}.Debug|x64.ActiveCfg = Debug|Win32
		{F30E85B7-475E-4E35-89E0-EE0802CE20FA}.Debug|x86.ActiveCfg = Debug|Win32
		{F30E85B7-475E-4E35-89E0-EE0802CE20FA}.Debug|x86.Build.0 = Debug|Win32
		{F30E85B7-475E-4E35-89E0-EE0802CE20FA}.Debug-x64|x64.ActiveCfg = Debug|x64
		{F30E85B7-475E-4E35-89E0-EE0802CE20FA}.Debug-x64|x64.Build.0 = Debug|x64
		{F30E85B7-475E-4E35-89E0-EE0802CE20FA}.Debug-x64|x86.ActiveCfg = Debug|Win32
		{F30E85B7-475E-4E35-89E0-EE0802CE20FA}.Debug-x64|x86.Build.0 = Debug|Win32
		{F30E85B7-475E-4E35-89E0-EE0802CE20FA}.Release(DLL)|x64.ActiveCfg = Debug|Win32
		{F30E85B7-475E-4E35-89E0-EE0802CE20FA}.Release(DLL)|x64.Build.0 = Debug|Win32
		{F30E85B7-475E-4E35-89E0-EE0802CE20FA}.Release(DLL)|x86.ActiveCfg = Release|Win32
		{F30E85B7-475E-4E35-89E0-EE0802CE20FA}.Release(DLL)|x86.Build.0 = Release|Win32
		{F30E85B7-475E-4E35-89E0-EE0802CE20FA}.Release|x64.ActiveCfg = Release|Win32
		{F30E85B7-475E-4E35-89E0-EE0802CE20FA}.Release|x86.ActiveCfg = Release|Win32
		{F30E85B7-475E-4E35-89E0-EE0802CE20FA}.Release|x86.Build.0 = Release|Win32
		{F30E85B7-475E-4E35-89E0-EE0802CE20FA}.Release07|x64.ActiveCfg = Release|Win32
		{F30E85B7-475E-4E35-89E0-EE0802CE20FA}.Release07|x64.Build.0 = Release|Win32
		{F30E85B7-475E-4E35-89E0-EE0802CE20FA}.Release07|x86.ActiveCfg = Release|Win32
		{F30E85B7-475E-4E35-89E0-EE0802CE20FA}.Release07|x86.Build.0 = Release|Win32
		{F30E85B7-475E-4E35-89E0-EE0802CE20FA}.Release10|x64.ActiveCfg = Release|Win32
		{F30E85B7-475E-4E35-89E0-EE0802CE20FA}.Release10|x64.Build.0 = Release|Win32
		{F30E85B7-475E-4E35-89E0-EE0802CE20FA}.Release10|x86.ActiveCfg = Release|Win32
		{F30E85B7-475E-4E35-89E0-EE0802CE20FA}.Release10|x86.Build.0 = Release|Win32
		{F30E85B7-475E-4E35-89E0-EE0802CE20FA}.Release2|x64.ActiveCfg = Debug|x64
		{F30E85B7-475E-4E35-89E0-EE0802CE20FA}.Release2|x64.Build.0 = Debug|x64
		{F30E85B7-475E-4E35-89E0-EE0802CE20FA}.Release2|x86.ActiveCfg = Release|Win32
		{F30E85B7-475E-4E35-89E0-EE0802CE20FA}.Release2|x86.Build.0 = Release|Win32
		{F30E85B7-475E-4E35-89E0-EE0802CE20FA}.Release-x64|x64.ActiveCfg = Release|x64
		{F30E85B7-475E-4E35-89E0-EE0802CE20FA}.Release-x64|x64.Build.0 = Release|x64
		{F30E85B7-475E-4E35-89E0-EE0802CE20FA}.Release-x64|x86.ActiveCfg = Release|Win32
		{F30E85B7-475E-4E35-89E0-EE0802CE20FA}.Release-x64|x86.Build.0 = Release|Win32
		{EA9994B9-E8E9-461D-8067-5FEA2E10F60A}.Debug(DLL)|x64.ActiveCfg = Release|Win32
		{EA9994B9-E8E9-461D-8067-5FEA2E10F60A}.Debug(DLL)|x64.Build.0 = Release|Win32
		{EA9994B9-E8E9-461D-8067-5FEA2E10F60A}.Debug(DLL)|x86.ActiveCfg = Debug|Win32
		{EA9994B9-E8E9-461D-8067-5FEA2E10F60A}.Debug(DLL)|x86.Build.0 = Debug|Win32
		{EA9994B9-E8E9-461D-8067-5FEA2E10F60A}.Debug|x64.ActiveCfg = Debug|Win32
		{EA9994B9-E8E9-461D-8067-5FEA2E10F60A}.Debug|x86.ActiveCfg = Debug|Win32
		{EA9994B9-E8E9-461D-8067-5FEA2E10F60A}.Debug|x86.Build.0 = Debug|Win32
		{EA9994B9-E8E9-461D-8067-5FEA2E10F60A}.Debug-x64|x64.ActiveCfg = Debug|x64
		{EA9994B9-E8E9-461D-8067-5FEA2E10F60A}.Debug-x64|x64.Build.0 = Debug|x64
		{EA9994B9-E8E9-461D-8067-5FEA2E10F60A}.Debug-x64|x86.ActiveCfg = Debug|Win32
		{EA9994B9-E8E9-461D-8067-5FEA2E10F60A}.Debug-x64|x86.Build.0 = Debug|Win32
		{EA9994B9-E8E9-461D-8067-5FEA2E10F60A}.Release(DLL)|x64.ActiveCfg = Release|Win32
		{EA9994B9-E8E9-461D-8067-5FEA2E10F60A}.Release(DLL)|x64.Build.0 = Release|Win32
		{EA9994B9-E8E9-461D-8067-5FEA2E10F60A}.Release(DLL)|x86.ActiveCfg = Release|Win32
		{EA9994B9-E8E9-461D-8067-5FEA2E10F60A}.Release(DLL)|x86.Build.0 = Release|Win32
		{EA9994B9-E8E9-461D-8067-5FEA2E10F60A}.Release|x64.ActiveCfg = Release|Win32
		{EA9994B9-E8E9-461D-8067-5FEA2E10F60A}.Release|x86.ActiveCfg = Release|Win32
		{EA9994B9-E8E9-461D-8067-5FEA2E10F60A}.Release|x86.Build.0 = Release|Win32
		{EA9994B9-E8E9-461D-8067-5FEA2E10F60A}.Release07|x64.ActiveCfg = Release07|Win32
		{EA9994B9-E8E9-461D-8067-5FEA2E10F60A}.Release07|x86.ActiveCfg = Release07|Win32
		{EA9994B9-E8E9-461D-8067-5FEA2E10F60A}.Release07|x86.Build.0 = Release07|Win32
		{EA9994B9-E8E9-461D-8067-5FEA2E10F60A}.Release10|x64.ActiveCfg = Release10|Win32
		{EA9994B9-E8E9-461D-8067-5FEA2E10F60A}.Release10|x86.ActiveCfg = Release10|Win32
		{EA9994B9-E8E9-461D-8067-5FEA2E10F60A}.Release10|x86.Build.0 = Release10|Win32
		{EA9994B9-E8E9-461D-8067-5FEA2E10F60A}.Release2|x64.ActiveCfg = Release07|x64
		{EA9994B9-E8E9-461D-8067-5FEA2E10F60A}.Release2|x64.Build.0 = Release07|x64
		{EA9994B9-E8E9-461D-8067-5FEA2E10F60A}.Release2|x86.ActiveCfg = Release07|Win32
		{EA9994B9-E8E9-461D-8067-5FEA2E10F60A}.Release2|x86.Build.0 = Release07|Win32
		{EA9994B9-E8E9-461D-8067-5FEA2E10F60A}.Release-x64|x64.ActiveCfg = Release10|x64
		{EA9994B9-E8E9-461D-8067-5FEA2E10F60A}.Release-x64|x64.Build.0 = Release10|x64
		{EA9994B9-E8E9-461D-8067-5FEA2E10F60A}.Release-x64|x86.ActiveCfg = Release|Win32
		{EA9994B9-E8E9-461D-8067-5FEA2E10F60A}.Release-x64|x86.Build.0 = Release|Win32
		{69C46F6E-9396-4F2F-960E-072E4FF8595A}.Debug(DLL)|x64.ActiveCfg = Debug|Win32
		{69C46F6E-9396-4F2F-960E-072E4FF8595A}.Debug(DLL)|x64.Build.0 = Debug|Win32
		{69C46F6E-9396-4F2F-960E-072E4FF8595A}.Debug(DLL)|x86.ActiveCfg = Debug|Win32
		{69C46F6E-9396-4F2F-960E-072E4FF8595A}.Debug(DLL)|x86.Build.0 = Debug|Win32
		{69C46F6E-9396-4F2F-960E-072E4FF8595A}.Debug|x64.ActiveCfg = Debug|Win32
		{69C46F6E-9396-4F2F-960E-072E4FF8595A}.Debug|x86.ActiveCfg = Debug|Win32
		{69C46F6E-9396-4F2F-960E-072E4FF8595A}.Debug|x86.Build.0 = Debug|Win32
		{69C46F6E-9396-4F2F-960E-072E4FF8595A}.Debug-x64|x64.ActiveCfg = Release|Win32
		{69C46F6E-9396-4F2F-960E-072E4FF8595A}.Debug-x64|x64.Build.0 = Release|Win32
		{69C46F6E-9396-4F2F-960E-072E4FF8595A}.Debug-x64|x86.ActiveCfg = Debug|Win32
		{69C46F6E-9396-4F2F-960E-072E4FF8595A}.Debug-x64|x86.Build.0 = Debug|Win32
		{69C46F6E-9396-4F2F-960E-072E4FF8595A}.Release(DLL)|x64.ActiveCfg = Debug|Win32
		{69C46F6E-9396-4F2F-960E-072E4FF8595A}.Release(DLL)|x64.Build.0 = Debug|Win32
		{69C46F6E-9396-4F2F-960E-072E4FF8595A}.Release(DLL)|x86.ActiveCfg = Release|Win32
		{69C46F6E-9396-4F2F-960E-072E4FF8595A}.Release(DLL)|x86.Build.0 = Release|Win32
		{69C46F6E-9396-4F2F-960E-072E4FF8595A}.Release|x64.ActiveCfg = Release|Win32
		{69C46F6E-9396-4F2F-960E-072E4FF8595A}.Release|x86.ActiveCfg = Release|Win32
		{69C46F6E-9396-4F2F-960E-072E4FF8595A}.Release|x86.Build.0 = Release|Win32
		{69C46F6E-9396-4F2F-960E-072E4FF8595A}.Release07|x64.ActiveCfg = Release|Win32
		{69C46F6E-9396-4F2F-960E-072E4FF8595A}.Release07|x64.Build.0 = Release|Win32
		{69C46F6E-9396-4F2F-960E-072E4FF8595A}.Release07|x86.ActiveCfg = Release|Win32
		{69C46F6E-9396-4F2F-960E-072E4FF8595A}.Release07|x86.Build.0 = Release|Win32
		{69C46F6E-9396-4F2F-960E-072E4FF8595A}.Release10|x64.ActiveCfg = Release|Win32
		{69C46F6E-9396-4F2F-960E-072E4FF8595A}.Release10|x64.Build.0 = Release|Win32
		{69C46F6E-9396-4F2F-960E-072E4FF8595A}.Release10|x86.ActiveCfg = Release|Win32
		{69C46F6E-9396-4F2F-960E-072E4FF8595A}.Release10|x86.Build.0 = Release|Win32
		{69C46F6E-9396-4F2F-960E-072E4FF8595A}.Release2|x64.ActiveCfg = Release|Win32
		{69C46F6E-9396-4F2F-960E-072E4FF8595A}.Release2|x64.Build.0 = Release|Win32
		{69C46F6E-9396-4F2F-960E-072E4FF8595A}.Release2|x86.ActiveCfg = Release|Win32
		{69C46F6E-9396-4F2F-960E-072E4FF8595A}.Release2|x86.Build.0 = Release|Win32
		{69C46F6E-9396-4F2F-960E-072E4FF8595A}.Release-x64|x64.ActiveCfg = Release|Win32
		{69C46F6E-9396-4F2F-960E-072E4FF8595A}.Release-x64|x64.Build.0 = Release|Win32
		{69C46F6E-9396-4F2F-960E-072E4FF8595A}.Release-x64|x86.ActiveCfg = Release|Win32
		{69C46F6E-9396-4F2F-960E-072E4FF8595A}.Release-x64|x86.Build.0 = Release|Win32
		{6E2D8FA1-609C-4E39-97B9-679834179DB4}.Debug(DLL)|x64.ActiveCfg = Debug|x64
		{6E2D8FA1-609C-4E39-97B9-679834179DB4}.Debug(DLL)|x64.Build.0 = Debug|x64
		{6E2D8FA1-609C-4E39-97B9-679834179DB4}.Debug(DLL)|x86.ActiveCfg = Debug|Win32
		{6E2D8FA1-609C-4E39-97B9-679834179DB4}.Debug(DLL)|x86.Build.0 = Debug|Win32
		{6E2D8FA1-609C-4E39-97B9-679834179DB4}.Debug|x64.ActiveCfg = Debug|x64
		{6E2D8FA1-609C-4E39-97B9-679834179DB4}.Debug|x64.Build.0 = Debug|x64
		{6E2D8FA1-609C-4E39-97B9-679834179DB4}.Debug|x86.ActiveCfg = Debug|Win32
		{6E2D8FA1-609C-4E39-97B9-679834179DB4}.Debug|x86.Build.0 = Debug|Win32
		{6E2D8FA1-609C-4E39-97B9-679834179DB4}.Debug-x64|x64.ActiveCfg = Debug|x64
		{6E2D8FA1-609C-4E39-97B9-679834179DB4}.Debug-x64|x64.Build.0 = Debug|x64
		{6E2D8FA1-609C-4E39-97B9-679834179DB4}.Debug-x64|x86.ActiveCfg = Debug|Win32
		{6E2D8FA1-609C-4E39-97B9-679834179DB4}.Debug-x64|x86.Build.0 = Debug|Win32
		{6E2D8FA1-609C-4E39-97B9-679834179DB4}.Release(DLL)|x64.ActiveCfg = Release|x64
		{6E2D8FA1-609C-4E39-97B9-679834179DB4}.Release(DLL)|x64.Build.0 = Release|x64
		{6E2D8FA1-609C-4E39-97B9-679834179DB4}.Release(DLL)|x86.ActiveCfg = Release|Win32
		{6E2D8FA1-609C-4E39-97B9-679834179DB4}.Release(DLL)|x86.Build.0 = Release|Win32
		{6E2D8FA1-609C-4E39-97B9-679834179DB4}.Release|x64.ActiveCfg = Release|x64
		{6E2D8FA1-609C-4E39-97B9-679834179DB4}.Release|x64.Build.0 = Release|x64
		{6E2D8FA1-609C-4E39-97B9-679834179DB4}.Release|x86.ActiveCfg = Release|Win32
		{6E2D8FA1-609C-4E39-97B9-679834179DB4}.Release|x86.Build.0 = Release|Win32
		{6E2D8FA1-609C-4E39-97B9-679834179DB4}.Release07|x64.ActiveCfg = Release|x64
		{6E2D8FA1-609C-4E39-97B9-679834179DB4}.Release07|x64.Build.0 = Release|x64
		{6E2D8FA1-609C-4E39-97B9-679834179DB4}.Release07|x86.ActiveCfg = Release|Win32
		{6E2D8FA1-609C-4E39-97B9-679834179DB4}.Release07|x86.Build.0 = Release|Win32
		{6E2D8FA1-609C-4E39-97B9-679834179DB4}.Release10|x64.ActiveCfg = Release|x64
		{6E2D8FA1-609C-4E39-97B9-679834179DB4}.Release10|x64.Build.0 = Release|x64
		{6E2D8FA1-609C-4E39-97B9-679834179DB4}.Release10|x86.ActiveCfg = Release|Win32
		{6E2D8FA1-609C-4E39-97B9-679834179DB4}.Release10|x86.Build.0 = Release|Win32
		{6E2D8FA1-609C-4E39-97B9-679834179DB4}.Release2|x64.ActiveCfg = Release|x64
		{6E2D8FA1-609C-4E39-97B9-679834179DB4}.Release2|x64.Build.0 = Release|x64
		{6E2D8FA1-609C-4E39-97B9-679834179DB4}.Release2|x86.ActiveCfg = Release|Win32
		{6E2D8FA1-609C-4E39-97B9-679834179DB4}.Release2|x86.Build.0 = Release|Win32
		{6E2D8FA1-609C-4E39-97B9-679834179DB4}.Release-x64|x64.ActiveCfg = Release|x64
		{6E2D8FA1-609C-4E39-97B9-679834179DB4}.Release-x64|x64.Build.0 = Release|x64
		{6E2D8FA1-609C-4E39-97B9-679834179DB4}.Release-x64|x86.ActiveCfg = Release|Win32
		{6E2D8FA1-609C-4E39-97B9-679834179DB4}.Release-x64|x86.Build.0 = Release|Win32
		{C45AE373-B027-3E7F-D940-2C27C56C730D}.Debug(DLL)|x64.ActiveCfg = Debug|x64
		{C45AE373-B027-3E7F-D940-2C27C56C730D}.Debug(DLL)|x64.Build.0 = Debug|x64
		{C45AE373-B027-3E7F-D940-2C27C56C730D}.Debug(DLL)|x86.ActiveCfg = Debug|Win32
		{C45AE373-B027-3E7F-D940-2C27C56C730D}.Debug(DLL)|x86.Build.0 = Debug|Win32
		{C45AE373-B027-3E7F-D940-2C27C56C730D}.Debug|x64.ActiveCfg = Debug|x64
		{C45AE373-B027-3E7F-D940-2C27C56C730D}.Debug|x64.Build.0 = Debug|x64
		{C45AE373-B027-3E7F-D940-2C27C56C730D}.Debug|x86.ActiveCfg = Debug|Win32
		{C45AE373-B027-3E7F-D940-2C27C56C730D}.Debug|x86.Build.0 = Debug|Win32
		{C45AE373-B027-3E7F-D940-2C27C56C730D}.Debug-x64|x64.ActiveCfg = Debug|x64
		{C45AE373-B027-3E7F-D940-2C27C56C730D}.Debug-x64|x64.Build.0 = Debug|x64
		{C45AE373-B027-3E7F-D940-2C27C56C730D}.Debug-x64|x86.ActiveCfg = Debug|Win32
		{C45AE373-B027-3E7F-D940-2C27C56C730D}.Debug-x64|x86.Build.0 = Debug|Win32
		{C45AE373-B027-3E7F-D940-2C27C56C730D}.Release(DLL)|x64.ActiveCfg = ReleasePrefast|x64
		{C45AE373-B027-3E7F-D940-2C27C56C730D}.Release(DLL)|x64.Build.0 = ReleasePrefast|x64
		{C45AE373-B027-3E7F-D940-2C27C56C730D}.Release(DLL)|x86.ActiveCfg = ReleasePrefast|Win32
		{C45AE373-B027-3E7F-D940-2C27C56C730D}.Release(DLL)|x86.Build.0 = ReleasePrefast|Win32
		{C45AE373-B027-3E7F-D940-2C27C56C730D}.Release|x64.ActiveCfg = Release|x64
		{C45AE373-B027-3E7F-D940-2C27C56C730D}.Release|x64.Build.0 = Release|x64
		{C45AE373-B027-3E7F-D940-2C27C56C730D}.Release|x86.ActiveCfg = Release|Win32
		{C45AE373-B027-3E7F-D940-2C27C56C730D}.Release|x86.Build.0 = Release|Win32
		{C45AE373-B027-3E7F-D940-2C27C56C730D}.Release07|x64.ActiveCfg = Release|x64
		{C45AE373-B027-3E7F-D940-2C27C56C730D}.Release07|x64.Build.0 = Release|x64
		{C45AE373-B027-3E7F-D940-2C27C56C730D}.Release07|x86.ActiveCfg = Release|Win32
		{C45AE373-B027-3E7F-D940-2C27C56C730D}.Release07|x86.Build.0 = Release|Win32
		{C45AE373-B027-3E7F-D940-2C27C56C730D}.Release10|x64.ActiveCfg = Release|x64
		{C45AE373-B027-3E7F-D940-2C27C56C730D}.Release10|x64.Build.0 = Release|x64
		{C45AE373-B027-3E7F-D940-2C27C56C730D}.Release10|x86.ActiveCfg = Release|Win32
		{C45AE373-B027-3E7F-D940-2C27C56C730D}.Release10|x86.Build.0 = Release|Win32
		{C45AE373-B027-3E7F-D940-2C27C56C730D}.Release2|x64.ActiveCfg = ReleasePrefast|x64
		{C45AE373-B027-3E7F-D940-2C27C56C730D}.Release2|x64.Build.0 = ReleasePrefast|x64
		{C45AE373-B027-3E7F-D940-2C27C56C730D}.Release2|x86.ActiveCfg = ReleasePrefast|Win32
		{C45AE373-B027-3E7F-D940-2C27C56C730D}.Release2|x86.Build.0 = ReleasePrefast|Win32
		{C45AE373-B027-3E7F-D940-2C27C56C730D}.Release-x64|x64.ActiveCfg = ReleasePrefast|x64
		{C45AE373-B027-3E7F-D940-2C27C56C730D}.Release-x64|x64.Build.0 = ReleasePrefast|x64
		{C45AE373-B027-3E7F-D940-2C27C56C730D}.Release-x64|x86.ActiveCfg = ReleasePrefast|Win32
		{C45AE373-B027-3E7F-D940-2C27C56C730D}.Release-x64|x86.Build.0 = ReleasePrefast|Win32
		{15E44184-1225-4298-9278-7B83BABB7ADB}.Debug(DLL)|x64.ActiveCfg = ServerRelease|Win32
		{15E44184-1225-4298-9278-7B83BABB7ADB}.Debug(DLL)|x64.Build.0 = ServerRelease|Win32
		{15E44184-1225-4298-9278-7B83BABB7ADB}.Debug(DLL)|x86.ActiveCfg = Debug|Win32
		{15E44184-1225-4298-9278-7B83BABB7ADB}.Debug(DLL)|x86.Build.0 = Debug|Win32
		{15E44184-1225-4298-9278-7B83BABB7ADB}.Debug|x64.ActiveCfg = Debug|Win32
		{15E44184-1225-4298-9278-7B83BABB7ADB}.Debug|x86.ActiveCfg = Debug|Win32
		{15E44184-1225-4298-9278-7B83BABB7ADB}.Debug|x86.Build.0 = Debug|Win32
		{15E44184-1225-4298-9278-7B83BABB7ADB}.Debug-x64|x64.ActiveCfg = InterDebug|Win32
		{15E44184-1225-4298-9278-7B83BABB7ADB}.Debug-x64|x64.Build.0 = InterDebug|Win32
		{15E44184-1225-4298-9278-7B83BABB7ADB}.Debug-x64|x86.ActiveCfg = Debug|Win32
		{15E44184-1225-4298-9278-7B83BABB7ADB}.Debug-x64|x86.Build.0 = Debug|Win32
		{15E44184-1225-4298-9278-7B83BABB7ADB}.Release(DLL)|x64.ActiveCfg = ServerRelease|Win32
		{15E44184-1225-4298-9278-7B83BABB7ADB}.Release(DLL)|x64.Build.0 = ServerRelease|Win32
		{15E44184-1225-4298-9278-7B83BABB7ADB}.Release(DLL)|x86.ActiveCfg = Release3|Win32
		{15E44184-1225-4298-9278-7B83BABB7ADB}.Release(DLL)|x86.Build.0 = Release3|Win32
		{15E44184-1225-4298-9278-7B83BABB7ADB}.Release|x64.ActiveCfg = Release|Win32
		{15E44184-1225-4298-9278-7B83BABB7ADB}.Release|x86.ActiveCfg = Release|Win32
		{15E44184-1225-4298-9278-7B83BABB7ADB}.Release|x86.Build.0 = Release|Win32
		{15E44184-1225-4298-9278-7B83BABB7ADB}.Release07|x64.ActiveCfg = InterRelease|Win32
		{15E44184-1225-4298-9278-7B83BABB7ADB}.Release07|x64.Build.0 = InterRelease|Win32
		{15E44184-1225-4298-9278-7B83BABB7ADB}.Release07|x86.ActiveCfg = UBOMRelease07|Win32
		{15E44184-1225-4298-9278-7B83BABB7ADB}.Release07|x86.Build.0 = UBOMRelease07|Win32
		{15E44184-1225-4298-9278-7B83BABB7ADB}.Release10|x64.ActiveCfg = InterRelease|Win32
		{15E44184-1225-4298-9278-7B83BABB7ADB}.Release10|x64.Build.0 = InterRelease|Win32
		{15E44184-1225-4298-9278-7B83BABB7ADB}.Release10|x86.ActiveCfg = Release|Win32
		{15E44184-1225-4298-9278-7B83BABB7ADB}.Release10|x86.Build.0 = Release|Win32
		{15E44184-1225-4298-9278-7B83BABB7ADB}.Release2|x64.ActiveCfg = Release2|Win32
		{15E44184-1225-4298-9278-7B83BABB7ADB}.Release2|x86.ActiveCfg = Release2|Win32
		{15E44184-1225-4298-9278-7B83BABB7ADB}.Release2|x86.Build.0 = Release2|Win32
		{15E44184-1225-4298-9278-7B83BABB7ADB}.Release-x64|x64.ActiveCfg = InterDebug|Win32
		{15E44184-1225-4298-9278-7B83BABB7ADB}.Release-x64|x64.Build.0 = InterDebug|Win32
		{15E44184-1225-4298-9278-7B83BABB7ADB}.Release-x64|x86.ActiveCfg = Release2|Win32
		{15E44184-1225-4298-9278-7B83BABB7ADB}.Release-x64|x86.Build.0 = Release2|Win32
		{0EBD4260-A71F-A6FD-1BB8-DAE771FF4597}.Debug(DLL)|x64.ActiveCfg = Debug|Win32
		{0EBD4260-A71F-A6FD-1BB8-DAE771FF4597}.Debug(DLL)|x64.Build.0 = Debug|Win32
		{0EBD4260-A71F-A6FD-1BB8-DAE771FF4597}.Debug(DLL)|x86.ActiveCfg = Debug|Win32
		{0EBD4260-A71F-A6FD-1BB8-DAE771FF4597}.Debug(DLL)|x86.Build.0 = Debug|Win32
		{0EBD4260-A71F-A6FD-1BB8-DAE771FF4597}.Debug|x64.ActiveCfg = Debug|Win32
		{0EBD4260-A71F-A6FD-1BB8-DAE771FF4597}.Debug|x86.ActiveCfg = Debug|Win32
		{0EBD4260-A71F-A6FD-1BB8-DAE771FF4597}.Debug|x86.Build.0 = Debug|Win32
		{0EBD4260-A71F-A6FD-1BB8-DAE771FF4597}.Debug-x64|x64.ActiveCfg = Debug|Win32
		{0EBD4260-A71F-A6FD-1BB8-DAE771FF4597}.Debug-x64|x86.ActiveCfg = Debug|Win32
		{0EBD4260-A71F-A6FD-1BB8-DAE771FF4597}.Release(DLL)|x64.ActiveCfg = Debug|Win32
		{0EBD4260-A71F-A6FD-1BB8-DAE771FF4597}.Release(DLL)|x64.Build.0 = Debug|Win32
		{0EBD4260-A71F-A6FD-1BB8-DAE771FF4597}.Release(DLL)|x86.ActiveCfg = Release|Win32
		{0EBD4260-A71F-A6FD-1BB8-DAE771FF4597}.Release(DLL)|x86.Build.0 = Release|Win32
		{0EBD4260-A71F-A6FD-1BB8-DAE771FF4597}.Release|x64.ActiveCfg = Release|Win32
		{0EBD4260-A71F-A6FD-1BB8-DAE771FF4597}.Release|x86.ActiveCfg = Release|Win32
		{0EBD4260-A71F-A6FD-1BB8-DAE771FF4597}.Release|x86.Build.0 = Release|Win32
		{0EBD4260-A71F-A6FD-1BB8-DAE771FF4597}.Release07|x64.ActiveCfg = ArxLMADebug07|Win32
		{0EBD4260-A71F-A6FD-1BB8-DAE771FF4597}.Release07|x64.Build.0 = ArxLMADebug07|Win32
		{0EBD4260-A71F-A6FD-1BB8-DAE771FF4597}.Release07|x86.ActiveCfg = Release|Win32
		{0EBD4260-A71F-A6FD-1BB8-DAE771FF4597}.Release07|x86.Build.0 = Release|Win32
		{0EBD4260-A71F-A6FD-1BB8-DAE771FF4597}.Release10|x64.ActiveCfg = ArxLMADebug07|Win32
		{0EBD4260-A71F-A6FD-1BB8-DAE771FF4597}.Release10|x64.Build.0 = ArxLMADebug07|Win32
		{0EBD4260-A71F-A6FD-1BB8-DAE771FF4597}.Release10|x86.ActiveCfg = Release|Win32
		{0EBD4260-A71F-A6FD-1BB8-DAE771FF4597}.Release10|x86.Build.0 = Release|Win32
		{0EBD4260-A71F-A6FD-1BB8-DAE771FF4597}.Release2|x64.ActiveCfg = ArxLMADebug07|Win32
		{0EBD4260-A71F-A6FD-1BB8-DAE771FF4597}.Release2|x64.Build.0 = ArxLMADebug07|Win32
		{0EBD4260-A71F-A6FD-1BB8-DAE771FF4597}.Release2|x86.ActiveCfg = Release|Win32
		{0EBD4260-A71F-A6FD-1BB8-DAE771FF4597}.Release2|x86.Build.0 = Release|Win32
		{0EBD4260-A71F-A6FD-1BB8-DAE771FF4597}.Release-x64|x64.ActiveCfg = Debug|Win32
		{0EBD4260-A71F-A6FD-1BB8-DAE771FF4597}.Release-x64|x86.ActiveCfg = Release|Win32
		{426A4FDC-D24E-443C-9BD8-A35560A9DB4F}.Debug(DLL)|x64.ActiveCfg = Release|Win32
		{426A4FDC-D24E-443C-9BD8-A35560A9DB4F}.Debug(DLL)|x64.Build.0 = Release|Win32
		{426A4FDC-D24E-443C-9BD8-A35560A9DB4F}.Debug(DLL)|x86.ActiveCfg = Debug|Win32
		{426A4FDC-D24E-443C-9BD8-A35560A9DB4F}.Debug(DLL)|x86.Build.0 = Debug|Win32
		{426A4FDC-D24E-443C-9BD8-A35560A9DB4F}.Debug|x64.ActiveCfg = Debug|Win32
		{426A4FDC-D24E-443C-9BD8-A35560A9DB4F}.Debug|x86.ActiveCfg = Debug|Win32
		{426A4FDC-D24E-443C-9BD8-A35560A9DB4F}.Debug|x86.Build.0 = Debug|Win32
		{426A4FDC-D24E-443C-9BD8-A35560A9DB4F}.Debug-x64|x64.ActiveCfg = Release2|Win32
		{426A4FDC-D24E-443C-9BD8-A35560A9DB4F}.Debug-x64|x64.Build.0 = Release2|Win32
		{426A4FDC-D24E-443C-9BD8-A35560A9DB4F}.Debug-x64|x86.ActiveCfg = Debug|Win32
		{426A4FDC-D24E-443C-9BD8-A35560A9DB4F}.Debug-x64|x86.Build.0 = Debug|Win32
		{426A4FDC-D24E-443C-9BD8-A35560A9DB4F}.Release(DLL)|x64.ActiveCfg = Release|Win32
		{426A4FDC-D24E-443C-9BD8-A35560A9DB4F}.Release(DLL)|x64.Build.0 = Release|Win32
		{426A4FDC-D24E-443C-9BD8-A35560A9DB4F}.Release(DLL)|x86.ActiveCfg = Release|Win32
		{426A4FDC-D24E-443C-9BD8-A35560A9DB4F}.Release(DLL)|x86.Build.0 = Release|Win32
		{426A4FDC-D24E-443C-9BD8-A35560A9DB4F}.Release|x64.ActiveCfg = Release|Win32
		{426A4FDC-D24E-443C-9BD8-A35560A9DB4F}.Release|x86.ActiveCfg = Release|Win32
		{426A4FDC-D24E-443C-9BD8-A35560A9DB4F}.Release|x86.Build.0 = Release|Win32
		{426A4FDC-D24E-443C-9BD8-A35560A9DB4F}.Release07|x64.ActiveCfg = ArxLMADebug07|Win32
		{426A4FDC-D24E-443C-9BD8-A35560A9DB4F}.Release07|x64.Build.0 = ArxLMADebug07|Win32
		{426A4FDC-D24E-443C-9BD8-A35560A9DB4F}.Release07|x86.ActiveCfg = Release|Win32
		{426A4FDC-D24E-443C-9BD8-A35560A9DB4F}.Release07|x86.Build.0 = Release|Win32
		{426A4FDC-D24E-443C-9BD8-A35560A9DB4F}.Release10|x64.ActiveCfg = ArxLMADebug07|Win32
		{426A4FDC-D24E-443C-9BD8-A35560A9DB4F}.Release10|x64.Build.0 = ArxLMADebug07|Win32
		{426A4FDC-D24E-443C-9BD8-A35560A9DB4F}.Release10|x86.ActiveCfg = Release|Win32
		{426A4FDC-D24E-443C-9BD8-A35560A9DB4F}.Release10|x86.Build.0 = Release|Win32
		{426A4FDC-D24E-443C-9BD8-A35560A9DB4F}.Release2|x64.ActiveCfg = Release2|Win32
		{426A4FDC-D24E-443C-9BD8-A35560A9DB4F}.Release2|x86.ActiveCfg = Release2|Win32
		{426A4FDC-D24E-443C-9BD8-A35560A9DB4F}.Release2|x86.Build.0 = Release2|Win32
		{426A4FDC-D24E-443C-9BD8-A35560A9DB4F}.Release-x64|x64.ActiveCfg = Release2|Win32
		{426A4FDC-D24E-443C-9BD8-A35560A9DB4F}.Release-x64|x64.Build.0 = Release2|Win32
		{426A4FDC-D24E-443C-9BD8-A35560A9DB4F}.Release-x64|x86.ActiveCfg = Release|Win32
		{426A4FDC-D24E-443C-9BD8-A35560A9DB4F}.Release-x64|x86.Build.0 = Release|Win32
		{CAB36568-29E7-4D28-A6E8-15D29C2DDF07}.Debug(DLL)|x64.ActiveCfg = Debug|Win32
		{CAB36568-29E7-4D28-A6E8-15D29C2DDF07}.Debug(DLL)|x64.Build.0 = Debug|Win32
		{CAB36568-29E7-4D28-A6E8-15D29C2DDF07}.Debug(DLL)|x86.ActiveCfg = Debug|Win32
		{CAB36568-29E7-4D28-A6E8-15D29C2DDF07}.Debug(DLL)|x86.Build.0 = Debug|Win32
		{CAB36568-29E7-4D28-A6E8-15D29C2DDF07}.Debug|x64.ActiveCfg = Debug|Win32
		{CAB36568-29E7-4D28-A6E8-15D29C2DDF07}.Debug|x86.ActiveCfg = Debug|Win32
		{CAB36568-29E7-4D28-A6E8-15D29C2DDF07}.Debug|x86.Build.0 = Debug|Win32
		{CAB36568-29E7-4D28-A6E8-15D29C2DDF07}.Debug-x64|x64.ActiveCfg = Release|Win32
		{CAB36568-29E7-4D28-A6E8-15D29C2DDF07}.Debug-x64|x64.Build.0 = Release|Win32
		{CAB36568-29E7-4D28-A6E8-15D29C2DDF07}.Debug-x64|x86.ActiveCfg = Debug|Win32
		{CAB36568-29E7-4D28-A6E8-15D29C2DDF07}.Debug-x64|x86.Build.0 = Debug|Win32
		{CAB36568-29E7-4D28-A6E8-15D29C2DDF07}.Release(DLL)|x64.ActiveCfg = Debug|Win32
		{CAB36568-29E7-4D28-A6E8-15D29C2DDF07}.Release(DLL)|x64.Build.0 = Debug|Win32
		{CAB36568-29E7-4D28-A6E8-15D29C2DDF07}.Release(DLL)|x86.ActiveCfg = Release|Win32
		{CAB36568-29E7-4D28-A6E8-15D29C2DDF07}.Release(DLL)|x86.Build.0 = Release|Win32
		{CAB36568-29E7-4D28-A6E8-15D29C2DDF07}.Release|x64.ActiveCfg = Release|Win32
		{CAB36568-29E7-4D28-A6E8-15D29C2DDF07}.Release|x86.ActiveCfg = Release|Win32
		{CAB36568-29E7-4D28-A6E8-15D29C2DDF07}.Release|x86.Build.0 = Release|Win32
		{CAB36568-29E7-4D28-A6E8-15D29C2DDF07}.Release07|x64.ActiveCfg = Release|Win32
		{CAB36568-29E7-4D28-A6E8-15D29C2DDF07}.Release07|x64.Build.0 = Release|Win32
		{CAB36568-29E7-4D28-A6E8-15D29C2DDF07}.Release07|x86.ActiveCfg = Release|Win32
		{CAB36568-29E7-4D28-A6E8-15D29C2DDF07}.Release07|x86.Build.0 = Release|Win32
		{CAB36568-29E7-4D28-A6E8-15D29C2DDF07}.Release10|x64.ActiveCfg = Release|Win32
		{CAB36568-29E7-4D28-A6E8-15D29C2DDF07}.Release10|x64.Build.0 = Release|Win32
		{CAB36568-29E7-4D28-A6E8-15D29C2DDF07}.Release10|x86.ActiveCfg = Release|Win32
		{CAB36568-29E7-4D28-A6E8-15D29C2DDF07}.Release10|x86.Build.0 = Release|Win32
		{CAB36568-29E7-4D28-A6E8-15D29C2DDF07}.Release2|x64.ActiveCfg = Release|Win32
		{CAB36568-29E7-4D28-A6E8-15D29C2DDF07}.Release2|x64.Build.0 = Release|Win32
		{CAB36568-29E7-4D28-A6E8-15D29C2DDF07}.Release2|x86.ActiveCfg = Release|Win32
		{CAB36568-29E7-4D28-A6E8-15D29C2DDF07}.Release2|x86.Build.0 = Release|Win32
		{CAB36568-29E7-4D28-A6E8-15D29C2DDF07}.Release-x64|x64.ActiveCfg = Release|Win32
		{CAB36568-29E7-4D28-A6E8-15D29C2DDF07}.Release-x64|x64.Build.0 = Release|Win32
		{CAB36568-29E7-4D28-A6E8-15D29C2DDF07}.Release-x64|x86.ActiveCfg = Release|Win32
		{CAB36568-29E7-4D28-A6E8-15D29C2DDF07}.Release-x64|x86.Build.0 = Release|Win32
	EndGlobalSection
	GlobalSection(SolutionProperties) = preSolution
		HideSolutionNode = FALSE
	EndGlobalSection
	GlobalSection(ExtensibilityGlobals) = postSolution
		SolutionGuid = {403B0E45-CBE8-4AF7-8798-A4ED0AA0C375}
	EndGlobalSection
EndGlobal
